
Microsoft Visual Studio Solution File, Format Version 12.00
# Visual Studio Version 16
VisualStudioVersion = 16.0.31702.278
MinimumVisualStudioVersion = 10.0.40219.1
Project("{FAE04EC0-301F-11D3-BF4B-00C04F79EFBC}") = "01_ProfileClass", "ClassLibrary1\01_ProfileClass.csproj", "{31BD836D-9863-4F3F-AC8D-FB44910D9C93}"
EndProject
Project("{FAE04EC0-301F-11D3-BF4B-00C04F79EFBC}") = "01_Profile", "01_Profile\01_Profile.csproj", "{40719BA0-6608-41C6-9E0E-799799BBBF3E}"
EndProject
Global
	GlobalSection(SolutionConfigurationPlatforms) = preSolution
		Debug|Any CPU = Debug|Any CPU
		Release|Any CPU = Release|Any CPU
	EndGlobalSection
	GlobalSection(ProjectConfigurationPlatforms) = postSolution
		{31BD836D-9863-4F3F-AC8D-FB44910D9C93}.Debug|Any CPU.ActiveCfg = Debug|Any CPU
		{31BD836D-9863-4F3F-AC8D-FB44910D9C93}.Debug|Any CPU.Build.0 = Debug|Any CPU
		{31BD836D-9863-4F3F-AC8D-FB44910D9C93}.Release|Any CPU.ActiveCfg = Release|Any CPU
		{31BD836D-9863-4F3F-AC8D-FB44910D9C93}.Release|Any CPU.Build.0 = Release|Any CPU
		{40719BA0-6608-41C6-9E0E-799799BBBF3E}.Debug|Any CPU.ActiveCfg = Debug|Any CPU
		{40719BA0-6608-41C6-9E0E-799799BBBF3E}.Debug|Any CPU.Build.0 = Debug|Any CPU
		{40719BA0-6608-41C6-9E0E-799799BBBF3E}.Release|Any CPU.ActiveCfg = Release|Any CPU
		{40719BA0-6608-41C6-9E0E-799799BBBF3E}.Release|Any CPU.Build.0 = Release|Any CPU
	EndGlobalSection
	GlobalSection(SolutionProperties) = preSolution
		HideSolutionNode = FALSE
	EndGlobalSection
	GlobalSection(ExtensibilityGlobals) = postSolution
		SolutionGuid = {54A6E98D-CF1F-4A51-BEB5-90D3D0D09F56}
	EndGlobalSection
EndGlobal
